
Microsoft Visual Studio Solution File, Format Version 12.00
Project("{FAE04EC0-301F-11D3-BF4B-00C04F79EFBC}") = "YoloLibrary", "YoloLibrary\YoloLibrary.csproj", "{BE6A7CB2-5B0B-4C29-B2E1-6EAF9E431725}"
EndProject
Project("{FAE04EC0-301F-11D3-BF4B-00C04F79EFBC}") = "YoloLibrary.Test", "YoloLibrary.Test\YoloLibrary.Test.csproj", "{C376EA22-6A1D-47E4-A069-B752B33F5DB6}"
EndProject
Project("{FAE04EC0-301F-11D3-BF4B-00C04F79EFBC}") = "YoloLibrary.WebAPI", "YoloLibrary.WebAPI\YoloLibrary.WebAPI.csproj", "{B6E683B2-C510-4DDA-894C-FA5399FC9704}"
EndProject
Project("{FAE04EC0-301F-11D3-BF4B-00C04F79EFBC}") = "YoloLibrary.WebApp", "YoloLibrary.WebApp\YoloLibrary.WebApp.csproj", "{D1CBD796-621B-46CB-B95F-86C678C0440B}"
EndProject
Global
	GlobalSection(SolutionConfigurationPlatforms) = preSolution
		Debug|Any CPU = Debug|Any CPU
		Release|Any CPU = Release|Any CPU
	EndGlobalSection
	GlobalSection(ProjectConfigurationPlatforms) = postSolution
		{BE6A7CB2-5B0B-4C29-B2E1-6EAF9E431725}.Debug|Any CPU.ActiveCfg = Debug|Any CPU
		{BE6A7CB2-5B0B-4C29-B2E1-6EAF9E431725}.Debug|Any CPU.Build.0 = Debug|Any CPU
		{BE6A7CB2-5B0B-4C29-B2E1-6EAF9E431725}.Release|Any CPU.ActiveCfg = Release|Any CPU
		{BE6A7CB2-5B0B-4C29-B2E1-6EAF9E431725}.Release|Any CPU.Build.0 = Release|Any CPU
		{C376EA22-6A1D-47E4-A069-B752B33F5DB6}.Debug|Any CPU.ActiveCfg = Debug|Any CPU
		{C376EA22-6A1D-47E4-A069-B752B33F5DB6}.Debug|Any CPU.Build.0 = Debug|Any CPU
		{C376EA22-6A1D-47E4-A069-B752B33F5DB6}.Release|Any CPU.ActiveCfg = Release|Any CPU
		{C376EA22-6A1D-47E4-A069-B752B33F5DB6}.Release|Any CPU.Build.0 = Release|Any CPU
		{B6E683B2-C510-4DDA-894C-FA5399FC9704}.Debug|Any CPU.ActiveCfg = Debug|Any CPU
		{B6E683B2-C510-4DDA-894C-FA5399FC9704}.Debug|Any CPU.Build.0 = Debug|Any CPU
		{B6E683B2-C510-4DDA-894C-FA5399FC9704}.Release|Any CPU.ActiveCfg = Release|Any CPU
		{B6E683B2-C510-4DDA-894C-FA5399FC9704}.Release|Any CPU.Build.0 = Release|Any CPU
		{D1CBD796-621B-46CB-B95F-86C678C0440B}.Debug|Any CPU.ActiveCfg = Debug|Any CPU
		{D1CBD796-621B-46CB-B95F-86C678C0440B}.Debug|Any CPU.Build.0 = Debug|Any CPU
		{D1CBD796-621B-46CB-B95F-86C678C0440B}.Release|Any CPU.ActiveCfg = Release|Any CPU
		{D1CBD796-621B-46CB-B95F-86C678C0440B}.Release|Any CPU.Build.0 = Release|Any CPU
	EndGlobalSection
EndGlobal
